{
  "nodes": {
    "nixpkgs": {
      "locked": {
        "lastModified": 1790098735,
        "narHash": "sha256-fKlDQweTQH7bVVlRVqKQAFS9wtGNo+e+BoFGlSuuOX8=",
        "owner": "Melorise",
        "repo": "nixpkgs",
        "rev": "bf5e1b1a711d8231102bdd91c7649ea043ac3ccb",
        "type": "github"
      },
      "original": {
        "owner": "Melorise",
        "ref": "nixos-unstable",
        "repo": "nixpkgs",
        "type": "github"
      }
    },
    "root": {
      "inputs": {
        "nixpkgs": "nixpkgs"
      }
    }
  },
  "root": "root",
  "version": 7
}
