{
  "nodes": {
    "nixpkgs": {
      "locked": {
        "lastModified": 1790707128,
        "narHash": "sha256-IB1Qi718DOScdq/skqHOKIApsAznqa8TkdaWX/MGh4w=",
        "owner": "Melorise",
        "repo": "nixpkgs",
        "rev": "521f999a323ecd2bee19a0e93d133c27712cbee1",
        "type": "github"
      },
      "original": {
        "owner": "Melorise",
        "ref": "nixos-unstable",
        "repo": "nixpkgs",
        "type": "github"
      }
    },
    "root": {
      "inputs": {
        "nixpkgs": "nixpkgs"
      }
    }
  },
  "root": "root",
  "version": 7
}
