{
  "nodes": {
    "nixpkgs": {
      "locked": {
        "lastModified": 1788887745,
        "narHash": "sha256-iybclXEBVHIOkcZM/kiMvgsikBMXC+zQohNmJ3vA7K4=",
        "owner": "Melorise",
        "repo": "nixpkgs",
        "rev": "4cac7369642087120bb16d64d9f0050a1b68ac65",
        "type": "github"
      },
      "original": {
        "owner": "Melorise",
        "ref": "nixos-unstable",
        "repo": "nixpkgs",
        "type": "github"
      }
    },
    "root": {
      "inputs": {
        "nixpkgs": "nixpkgs"
      }
    }
  },
  "root": "root",
  "version": 7
}
